{
  "requires": true,
  "lockfileVersion": 1,
  "dependencies": {
    "convert-hex": {
      "version": "0.1.0",
      "resolved": "https://registry.npmjs.org/convert-hex/-/convert-hex-0.1.0.tgz",
      "integrity": "sha1-CMBFaJIsJ3drii6BqV05M2LqC2U="
    },
    "convert-string": {
      "version": "0.1.0",
      "resolved": "https://registry.npmjs.org/convert-string/-/convert-string-0.1.0.tgz",
      "integrity": "sha1-ec5BqbsNA7z3LNxqjzxW+7xkQQo="
    },
    "p2p-node": {
      "version": "0.1.1",
      "resolved": "https://registry.npmjs.org/p2p-node/-/p2p-node-0.1.1.tgz",
      "integrity": "sha1-br60uJ65YtEBjJFGXNXaZlL5Vj0=",
      "requires": {
        "sha256": "0.1.1"
      }
    },
    "sha256": {
      "version": "0.1.1",
      "resolved": "https://registry.npmjs.org/sha256/-/sha256-0.1.1.tgz",
      "integrity": "sha1-NClvkEmNo+jGsG//6Ohg26KZ+QI=",
      "requires": {
        "convert-hex": "0.1.0",
        "convert-string": "0.1.0"
      }
    }
  }
}
